<?xml version="1.0" encoding="utf-8"?>
<Project ToolsVersion="4.0" xmlns="http://schemas.microsoft.com/developer/msbuild/2003">
  <ItemGroup>
    <Filter Include="Resource Files">
      <UniqueIdentifier>{67DA6AB6-F800-4c08-8B7A-83BB121AAD01}</UniqueIdentifier>
      <Extensions>rc;ico;cur;bmp;dlg;rc2;rct;bin;rgs;gif;jpg;jpeg;jpe;resx;tiff;tif;png;wav;mfcribbon-ms</Extensions>
    </Filter>
    <Filter Include="Integration">
      <UniqueIdentifier>{7a2a8df4-e8b5-4e79-8b7c-65d039fe6999}</UniqueIdentifier>
    </Filter>
    <Filter Include="Shaders">
      <UniqueIdentifier>{cfc9ae03-5410-4073-9b17-277070aec6cd}</UniqueIdentifier>
    </Filter>
    <Filter Include="Hulk">
      <UniqueIdentifier>{5b313af0-6bd7-46ae-979e-b1c5d10037da}</UniqueIdentifier>
    </Filter>
    <Filter Include="Hulk\src">
      <UniqueIdentifier>{46cc9e98-b51c-49f9-bde1-f34d2386b250}</UniqueIdentifier>
    </Filter>
    <Filter Include="Hulk\src\Header Files">
      <UniqueIdentifier>{93995380-89BD-4b04-88EB-625FBE52EBFB}</UniqueIdentifier>
      <Extensions>h;hh;hpp;hxx;hm;inl;inc;ipp;xsd</Extensions>
    </Filter>
    <Filter Include="Hulk\src\Source Files">
      <UniqueIdentifier>{4FC737F1-C7A5-4376-A066-2A32D752A2FF}</UniqueIdentifier>
      <Extensions>cpp;c;cc;cxx;def;odl;idl;hpj;bat;asm;asmx</Extensions>
    </Filter>
    <Filter Include="Hulk\Entry point">
      <UniqueIdentifier>{0f617512-0683-4341-9e1b-5db5d9767b4e}</UniqueIdentifier>
    </Filter>
    <Filter Include="Hulk\Debug">
      <UniqueIdentifier>{c7ab4863-352a-4942-ad7e-7cee6a8d17e9}</UniqueIdentifier>
    </Filter>
    <Filter Include="Hulk\src\events">
      <UniqueIdentifier>{f601b3ee-b64e-4ee0-926b-aaec5ddd294a}</UniqueIdentifier>
    </Filter>
    <Filter Include="Hulk\src\D3D12">
      <UniqueIdentifier>{f608ac9d-42cf-4803-8b34-c8e95850f674}</UniqueIdentifier>
    </Filter>
    <Filter Include="Hulk\src\Windows">
      <UniqueIdentifier>{f230343b-33df-48b8-accb-70840fbdc0da}</UniqueIdentifier>
    </Filter>
  </ItemGroup>
  <ItemGroup>
    <ClInclude Include="src\Hulk\Core\Base.h">
      <Filter>Hulk\src\Header Files</Filter>
    </ClInclude>
    <ClInclude Include="Core.h">
      <Filter>Hulk\src\Header Files</Filter>
    </ClInclude>
    <ClInclude Include="src\Hulk\Core\d3dApp.h">
      <Filter>Hulk\src\Header Files</Filter>
    </ClInclude>
    <ClInclude Include="src\Hulk\Core\d3dUtil.h">
      <Filter>Hulk\src\Header Files</Filter>
    </ClInclude>
    <ClInclude Include="src\Hulk\Core\DDSTextureLoader.h">
      <Filter>Hulk\src\Header Files</Filter>
    </ClInclude>
    <ClInclude Include="src\Hulk\Core\FrameResource.h">
      <Filter>Hulk\src\Header Files</Filter>
    </ClInclude>
    <ClInclude Include="src\Hulk\Core\GameTimer.h">
      <Filter>Hulk\src\Header Files</Filter>
    </ClInclude>
    <ClInclude Include="src\Hulk\Core\GeometryGenerator.h">
      <Filter>Hulk\src\Header Files</Filter>
    </ClInclude>
    <ClInclude Include="src\Hulk\Core\Log.h">
      <Filter>Hulk\src\Header Files</Filter>
    </ClInclude>
    <ClInclude Include="src\Hulk\Core\MathHelper.h">
      <Filter>Hulk\src\Header Files</Filter>
    </ClInclude>
    <ClInclude Include="src\Hulk\Core\PlatformDetection.h">
      <Filter>Hulk\src\Header Files</Filter>
    </ClInclude>
    <ClInclude Include="src\Hulk\Core\UploadBuffer.h">
      <Filter>Hulk\src\Header Files</Filter>
    </ClInclude>
    <ClInclude Include="src\Hulk\Core\Window.h">
      <Filter>Hulk\src\Header Files</Filter>
    </ClInclude>
    <ClInclude Include="src\Hulk\Core\EntryPoint.h">
      <Filter>Hulk\Entry point</Filter>
    </ClInclude>
    <ClInclude Include="src\Hulk\Debug\Instrumentor.h">
      <Filter>Hulk\Debug</Filter>
    </ClInclude>
    <ClInclude Include="src\Hulk.h">
      <Filter>Integration</Filter>
    </ClInclude>
    <ClInclude Include="src\Hulk\Events\Event.h">
      <Filter>Hulk\src\events</Filter>
    </ClInclude>
    <ClInclude Include="src\Hulk\Events\KeyEvent.h">
      <Filter>Hulk\src\events</Filter>
    </ClInclude>
    <ClInclude Include="src\Hulk\Events\MouseEvent.h">
      <Filter>Hulk\src\events</Filter>
    </ClInclude>
    <ClInclude Include="src\Hulk\Events\ApplicationEvent.h">
      <Filter>Hulk\src\events</Filter>
    </ClInclude>
    <ClInclude Include="src\Hulk\Core\KeyCodes.h">
      <Filter>Hulk\src\Header Files</Filter>
    </ClInclude>
    <ClInclude Include="src\Hulk\Core\MouseCodes.h">
      <Filter>Hulk\src\Header Files</Filter>
    </ClInclude>
    <ClInclude Include="src\Platform\Windows\WindowsWindow.h">
      <Filter>Hulk\src\Windows</Filter>
    </ClInclude>
  </ItemGroup>
  <ItemGroup>
    <FxCompile Include="..\Shaders\color.hlsl">
      <Filter>Shaders</Filter>
    </FxCompile>
    <FxCompile Include="..\Shaders\LightingUtil.hlsl">
      <Filter>Shaders</Filter>
    </FxCompile>
  </ItemGroup>
  <ItemGroup>
    <ClCompile Include="src\Hulk\Core\d3dApp.cpp">
      <Filter>Hulk\src\Source Files</Filter>
    </ClCompile>
    <ClCompile Include="src\Hulk\Core\d3dUtil.cpp">
      <Filter>Hulk\src\Source Files</Filter>
    </ClCompile>
    <ClCompile Include="src\Hulk\Core\DDSTextureLoader.cpp">
      <Filter>Hulk\src\Source Files</Filter>
    </ClCompile>
    <ClCompile Include="src\Hulk\Core\FrameResource.cpp">
      <Filter>Hulk\src\Source Files</Filter>
    </ClCompile>
    <ClCompile Include="src\Hulk\Core\GameTimer.cpp">
      <Filter>Hulk\src\Source Files</Filter>
    </ClCompile>
    <ClCompile Include="src\Hulk\Core\GeometryGenerator.cpp">
      <Filter>Hulk\src\Source Files</Filter>
    </ClCompile>
    <ClCompile Include="src\Hulk\Core\Log.cpp">
      <Filter>Hulk\src\Source Files</Filter>
    </ClCompile>
    <ClCompile Include="src\Hulk\Core\MathHelper.cpp">
      <Filter>Hulk\src\Source Files</Filter>
    </ClCompile>
    <ClCompile Include="src\Hulk\Core\Window.cpp">
      <Filter>Hulk\src\Source Files</Filter>
    </ClCompile>
    <ClCompile Include="src\Platform\Windows\WindowsInput.cpp">
      <Filter>Hulk\src\Windows</Filter>
    </ClCompile>
    <ClCompile Include="src\Platform\Windows\WindowsWindow.cpp">
      <Filter>Hulk\src\Windows</Filter>
    </ClCompile>
  </ItemGroup>
</Project>